{
  "name": "cloudant_boilerplate_nodejs",
  "version": "0.0.2",
  "lockfileVersion": 1,
  "requires": true,
  "dependencies": {
    "ionic2-rating": {
      "version": "1.2.2",
      "resolved": "https://registry.npmjs.org/ionic2-rating/-/ionic2-rating-1.2.2.tgz",
      "integrity": "sha1-5Z9FnGRF3qlWkwHCK6iTivB2WOY="
    }
  }
}
